
Microsoft Visual Studio Solution File, Format Version 12.00
# Visual Studio 14
VisualStudioVersion = 14.0.25420.1
MinimumVisualStudioVersion = 10.0.40219.1
Project("{FAE04EC0-301F-11D3-BF4B-00C04F79EFBC}") = "App2", "App2\App2\App2.csproj", "{D86610F0-3DA9-43D0-A4A4-84BC47038EEA}"
EndProject
Project("{FAE04EC0-301F-11D3-BF4B-00C04F79EFBC}") = "App2.Droid", "App2\App2.Droid\App2.Droid.csproj", "{30DE7A22-5B97-47FA-A27C-A23C999D46F5}"
EndProject
Project("{FAE04EC0-301F-11D3-BF4B-00C04F79EFBC}") = "App2.iOS", "App2\App2.iOS\App2.iOS.csproj", "{085AC842-9531-4416-8A23-3AA79B67E17F}"
EndProject
Global
	GlobalSection(SolutionConfigurationPlatforms) = preSolution
		Ad-Hoc|Any CPU = Ad-Hoc|Any CPU
		Ad-Hoc|ARM = Ad-Hoc|ARM
		Ad-Hoc|iPhone = Ad-Hoc|iPhone
		Ad-Hoc|iPhoneSimulator = Ad-Hoc|iPhoneSimulator
		Ad-Hoc|x64 = Ad-Hoc|x64
		Ad-Hoc|x86 = Ad-Hoc|x86
		AppStore|Any CPU = AppStore|Any CPU
		AppStore|ARM = AppStore|ARM
		AppStore|iPhone = AppStore|iPhone
		AppStore|iPhoneSimulator = AppStore|iPhoneSimulator
		AppStore|x64 = AppStore|x64
		AppStore|x86 = AppStore|x86
		Debug|Any CPU = Debug|Any CPU
		Debug|ARM = Debug|ARM
		Debug|iPhone = Debug|iPhone
		Debug|iPhoneSimulator = Debug|iPhoneSimulator
		Debug|x64 = Debug|x64
		Debug|x86 = Debug|x86
		Release|Any CPU = Release|Any CPU
		Release|ARM = Release|ARM
		Release|iPhone = Release|iPhone
		Release|iPhoneSimulator = Release|iPhoneSimulator
		Release|x64 = Release|x64
		Release|x86 = Release|x86
	EndGlobalSection
	GlobalSection(ProjectConfigurationPlatforms) = postSolution
		{D86610F0-3DA9-43D0-A4A4-84BC47038EEA}.Ad-Hoc|Any CPU.ActiveCfg = Release|Any CPU
		{D86610F0-3DA9-43D0-A4A4-84BC47038EEA}.Ad-Hoc|Any CPU.Build.0 = Release|Any CPU
		{D86610F0-3DA9-43D0-A4A4-84BC47038EEA}.Ad-Hoc|ARM.ActiveCfg = Release|Any CPU
		{D86610F0-3DA9-43D0-A4A4-84BC47038EEA}.Ad-Hoc|ARM.Build.0 = Release|Any CPU
		{D86610F0-3DA9-43D0-A4A4-84BC47038EEA}.Ad-Hoc|iPhone.ActiveCfg = Release|Any CPU
		{D86610F0-3DA9-43D0-A4A4-84BC47038EEA}.Ad-Hoc|iPhone.Build.0 = Release|Any CPU
		{D86610F0-3DA9-43D0-A4A4-84BC47038EEA}.Ad-Hoc|iPhoneSimulator.ActiveCfg = Release|Any CPU
		{D86610F0-3DA9-43D0-A4A4-84BC47038EEA}.Ad-Hoc|iPhoneSimulator.Build.0 = Release|Any CPU
		{D86610F0-3DA9-43D0-A4A4-84BC47038EEA}.Ad-Hoc|x64.ActiveCfg = Release|Any CPU
		{D86610F0-3DA9-43D0-A4A4-84BC47038EEA}.Ad-Hoc|x64.Build.0 = Release|Any CPU
		{D86610F0-3DA9-43D0-A4A4-84BC47038EEA}.Ad-Hoc|x86.ActiveCfg = Release|Any CPU
		{D86610F0-3DA9-43D0-A4A4-84BC47038EEA}.Ad-Hoc|x86.Build.0 = Release|Any CPU
		{D86610F0-3DA9-43D0-A4A4-84BC47038EEA}.AppStore|Any CPU.ActiveCfg = Release|Any CPU
		{D86610F0-3DA9-43D0-A4A4-84BC47038EEA}.AppStore|Any CPU.Build.0 = Release|Any CPU
		{D86610F0-3DA9-43D0-A4A4-84BC47038EEA}.AppStore|ARM.ActiveCfg = Release|Any CPU
		{D86610F0-3DA9-43D0-A4A4-84BC47038EEA}.AppStore|ARM.Build.0 = Release|Any CPU
		{D86610F0-3DA9-43D0-A4A4-84BC47038EEA}.AppStore|iPhone.ActiveCfg = Release|Any CPU
		{D86610F0-3DA9-43D0-A4A4-84BC47038EEA}.AppStore|iPhone.Build.0 = Release|Any CPU
		{D86610F0-3DA9-43D0-A4A4-84BC47038EEA}.AppStore|iPhoneSimulator.ActiveCfg = Release|Any CPU
		{D86610F0-3DA9-43D0-A4A4-84BC47038EEA}.AppStore|iPhoneSimulator.Build.0 = Release|Any CPU
		{D86610F0-3DA9-43D0-A4A4-84BC47038EEA}.AppStore|x64.ActiveCfg = Release|Any CPU
		{D86610F0-3DA9-43D0-A4A4-84BC47038EEA}.AppStore|x64.Build.0 = Release|Any CPU
		{D86610F0-3DA9-43D0-A4A4-84BC47038EEA}.AppStore|x86.ActiveCfg = Release|Any CPU
		{D86610F0-3DA9-43D0-A4A4-84BC47038EEA}.AppStore|x86.Build.0 = Release|Any CPU
		{D86610F0-3DA9-43D0-A4A4-84BC47038EEA}.Debug|Any CPU.ActiveCfg = Debug|Any CPU
		{D86610F0-3DA9-43D0-A4A4-84BC47038EEA}.Debug|Any CPU.Build.0 = Debug|Any CPU
		{D86610F0-3DA9-43D0-A4A4-84BC47038EEA}.Debug|ARM.ActiveCfg = Debug|Any CPU
		{D86610F0-3DA9-43D0-A4A4-84BC47038EEA}.Debug|ARM.Build.0 = Debug|Any CPU
		{D86610F0-3DA9-43D0-A4A4-84BC47038EEA}.Debug|iPhone.ActiveCfg = Debug|Any CPU
		{D86610F0-3DA9-43D0-A4A4-84BC47038EEA}.Debug|iPhone.Build.0 = Debug|Any CPU
		{D86610F0-3DA9-43D0-A4A4-84BC47038EEA}.Debug|iPhoneSimulator.ActiveCfg = Debug|Any CPU
		{D86610F0-3DA9-43D0-A4A4-84BC47038EEA}.Debug|iPhoneSimulator.Build.0 = Debug|Any CPU
		{D86610F0-3DA9-43D0-A4A4-84BC47038EEA}.Debug|x64.ActiveCfg = Debug|Any CPU
		{D86610F0-3DA9-43D0-A4A4-84BC47038EEA}.Debug|x64.Build.0 = Debug|Any CPU
		{D86610F0-3DA9-43D0-A4A4-84BC47038EEA}.Debug|x86.ActiveCfg = Debug|Any CPU
		{D86610F0-3DA9-43D0-A4A4-84BC47038EEA}.Debug|x86.Build.0 = Debug|Any CPU
		{D86610F0-3DA9-43D0-A4A4-84BC47038EEA}.Release|Any CPU.ActiveCfg = Release|Any CPU
		{D86610F0-3DA9-43D0-A4A4-84BC47038EEA}.Release|Any CPU.Build.0 = Release|Any CPU
		{D86610F0-3DA9-43D0-A4A4-84BC47038EEA}.Release|ARM.ActiveCfg = Release|Any CPU
		{D86610F0-3DA9-43D0-A4A4-84BC47038EEA}.Release|ARM.Build.0 = Release|Any CPU
		{D86610F0-3DA9-43D0-A4A4-84BC47038EEA}.Release|iPhone.ActiveCfg = Release|Any CPU
		{D86610F0-3DA9-43D0-A4A4-84BC47038EEA}.Release|iPhone.Build.0 = Release|Any CPU
		{D86610F0-3DA9-43D0-A4A4-84BC47038EEA}.Release|iPhoneSimulator.ActiveCfg = Release|Any CPU
		{D86610F0-3DA9-43D0-A4A4-84BC47038EEA}.Release|iPhoneSimulator.Build.0 = Release|Any CPU
		{D86610F0-3DA9-43D0-A4A4-84BC47038EEA}.Release|x64.ActiveCfg = Release|Any CPU
		{D86610F0-3DA9-43D0-A4A4-84BC47038EEA}.Release|x64.Build.0 = Release|Any CPU
		{D86610F0-3DA9-43D0-A4A4-84BC47038EEA}.Release|x86.ActiveCfg = Release|Any CPU
		{D86610F0-3DA9-43D0-A4A4-84BC47038EEA}.Release|x86.Build.0 = Release|Any CPU
		{30DE7A22-5B97-47FA-A27C-A23C999D46F5}.Ad-Hoc|Any CPU.ActiveCfg = Release|Any CPU
		{30DE7A22-5B97-47FA-A27C-A23C999D46F5}.Ad-Hoc|Any CPU.Build.0 = Release|Any CPU
		{30DE7A22-5B97-47FA-A27C-A23C999D46F5}.Ad-Hoc|Any CPU.Deploy.0 = Release|Any CPU
		{30DE7A22-5B97-47FA-A27C-A23C999D46F5}.Ad-Hoc|ARM.ActiveCfg = Release|Any CPU
		{30DE7A22-5B97-47FA-A27C-A23C999D46F5}.Ad-Hoc|ARM.Build.0 = Release|Any CPU
		{30DE7A22-5B97-47FA-A27C-A23C999D46F5}.Ad-Hoc|ARM.Deploy.0 = Release|Any CPU
		{30DE7A22-5B97-47FA-A27C-A23C999D46F5}.Ad-Hoc|iPhone.ActiveCfg = Release|Any CPU
		{30DE7A22-5B97-47FA-A27C-A23C999D46F5}.Ad-Hoc|iPhone.Build.0 = Release|Any CPU
		{30DE7A22-5B97-47FA-A27C-A23C999D46F5}.Ad-Hoc|iPhone.Deploy.0 = Release|Any CPU
		{30DE7A22-5B97-47FA-A27C-A23C999D46F5}.Ad-Hoc|iPhoneSimulator.ActiveCfg = Release|Any CPU
		{30DE7A22-5B97-47FA-A27C-A23C999D46F5}.Ad-Hoc|iPhoneSimulator.Build.0 = Release|Any CPU
		{30DE7A22-5B97-47FA-A27C-A23C999D46F5}.Ad-Hoc|iPhoneSimulator.Deploy.0 = Release|Any CPU
		{30DE7A22-5B97-47FA-A27C-A23C999D46F5}.Ad-Hoc|x64.ActiveCfg = Release|Any CPU
		{30DE7A22-5B97-47FA-A27C-A23C999D46F5}.Ad-Hoc|x64.Build.0 = Release|Any CPU
		{30DE7A22-5B97-47FA-A27C-A23C999D46F5}.Ad-Hoc|x64.Deploy.0 = Release|Any CPU
		{30DE7A22-5B97-47FA-A27C-A23C999D46F5}.Ad-Hoc|x86.ActiveCfg = Release|Any CPU
		{30DE7A22-5B97-47FA-A27C-A23C999D46F5}.Ad-Hoc|x86.Build.0 = Release|Any CPU
		{30DE7A22-5B97-47FA-A27C-A23C999D46F5}.Ad-Hoc|x86.Deploy.0 = Release|Any CPU
		{30DE7A22-5B97-47FA-A27C-A23C999D46F5}.AppStore|Any CPU.ActiveCfg = Release|Any CPU
		{30DE7A22-5B97-47FA-A27C-A23C999D46F5}.AppStore|Any CPU.Build.0 = Release|Any CPU
		{30DE7A22-5B97-47FA-A27C-A23C999D46F5}.AppStore|Any CPU.Deploy.0 = Release|Any CPU
		{30DE7A22-5B97-47FA-A27C-A23C999D46F5}.AppStore|ARM.ActiveCfg = Release|Any CPU
		{30DE7A22-5B97-47FA-A27C-A23C999D46F5}.AppStore|ARM.Build.0 = Release|Any CPU
		{30DE7A22-5B97-47FA-A27C-A23C999D46F5}.AppStore|ARM.Deploy.0 = Release|Any CPU
		{30DE7A22-5B97-47FA-A27C-A23C999D46F5}.AppStore|iPhone.ActiveCfg = Release|Any CPU
		{30DE7A22-5B97-47FA-A27C-A23C999D46F5}.AppStore|iPhone.Build.0 = Release|Any CPU
		{30DE7A22-5B97-47FA-A27C-A23C999D46F5}.AppStore|iPhone.Deploy.0 = Release|Any CPU
		{30DE7A22-5B97-47FA-A27C-A23C999D46F5}.AppStore|iPhoneSimulator.ActiveCfg = Release|Any CPU
		{30DE7A22-5B97-47FA-A27C-A23C999D46F5}.AppStore|iPhoneSimulator.Build.0 = Release|Any CPU
		{30DE7A22-5B97-47FA-A27C-A23C999D46F5}.AppStore|iPhoneSimulator.Deploy.0 = Release|Any CPU
		{30DE7A22-5B97-47FA-A27C-A23C999D46F5}.AppStore|x64.ActiveCfg = Release|Any CPU
		{30DE7A22-5B97-47FA-A27C-A23C999D46F5}.AppStore|x64.Build.0 = Release|Any CPU
		{30DE7A22-5B97-47FA-A27C-A23C999D46F5}.AppStore|x64.Deploy.0 = Release|Any CPU
		{30DE7A22-5B97-47FA-A27C-A23C999D46F5}.AppStore|x86.ActiveCfg = Release|Any CPU
		{30DE7A22-5B97-47FA-A27C-A23C999D46F5}.AppStore|x86.Build.0 = Release|Any CPU
		{30DE7A22-5B97-47FA-A27C-A23C999D46F5}.AppStore|x86.Deploy.0 = Release|Any CPU
		{30DE7A22-5B97-47FA-A27C-A23C999D46F5}.Debug|Any CPU.ActiveCfg = Debug|Any CPU
		{30DE7A22-5B97-47FA-A27C-A23C999D46F5}.Debug|Any CPU.Build.0 = Debug|Any CPU
		{30DE7A22-5B97-47FA-A27C-A23C999D46F5}.Debug|Any CPU.Deploy.0 = Debug|Any CPU
		{30DE7A22-5B97-47FA-A27C-A23C999D46F5}.Debug|ARM.ActiveCfg = Debug|Any CPU
		{30DE7A22-5B97-47FA-A27C-A23C999D46F5}.Debug|ARM.Build.0 = Debug|Any CPU
		{30DE7A22-5B97-47FA-A27C-A23C999D46F5}.Debug|ARM.Deploy.0 = Debug|Any CPU
		{30DE7A22-5B97-47FA-A27C-A23C999D46F5}.Debug|iPhone.ActiveCfg = Debug|Any CPU
		{30DE7A22-5B97-47FA-A27C-A23C999D46F5}.Debug|iPhone.Build.0 = Debug|Any CPU
		{30DE7A22-5B97-47FA-A27C-A23C999D46F5}.Debug|iPhone.Deploy.0 = Debug|Any CPU
		{30DE7A22-5B97-47FA-A27C-A23C999D46F5}.Debug|iPhoneSimulator.ActiveCfg = Debug|Any CPU
		{30DE7A22-5B97-47FA-A27C-A23C999D46F5}.Debug|iPhoneSimulator.Build.0 = Debug|Any CPU
		{30DE7A22-5B97-47FA-A27C-A23C999D46F5}.Debug|iPhoneSimulator.Deploy.0 = Debug|Any CPU
		{30DE7A22-5B97-47FA-A27C-A23C999D46F5}.Debug|x64.ActiveCfg = Debug|Any CPU
		{30DE7A22-5B97-47FA-A27C-A23C999D46F5}.Debug|x64.Build.0 = Debug|Any CPU
		{30DE7A22-5B97-47FA-A27C-A23C999D46F5}.Debug|x64.Deploy.0 = Debug|Any CPU
		{30DE7A22-5B97-47FA-A27C-A23C999D46F5}.Debug|x86.ActiveCfg = Debug|Any CPU
		{30DE7A22-5B97-47FA-A27C-A23C999D46F5}.Debug|x86.Build.0 = Debug|Any CPU
		{30DE7A22-5B97-47FA-A27C-A23C999D46F5}.Debug|x86.Deploy.0 = Debug|Any CPU
		{30DE7A22-5B97-47FA-A27C-A23C999D46F5}.Release|Any CPU.ActiveCfg = Release|Any CPU
		{30DE7A22-5B97-47FA-A27C-A23C999D46F5}.Release|Any CPU.Build.0 = Release|Any CPU
		{30DE7A22-5B97-47FA-A27C-A23C999D46F5}.Release|Any CPU.Deploy.0 = Release|Any CPU
		{30DE7A22-5B97-47FA-A27C-A23C999D46F5}.Release|ARM.ActiveCfg = Release|Any CPU
		{30DE7A22-5B97-47FA-A27C-A23C999D46F5}.Release|ARM.Build.0 = Release|Any CPU
		{30DE7A22-5B97-47FA-A27C-A23C999D46F5}.Release|ARM.Deploy.0 = Release|Any CPU
		{30DE7A22-5B97-47FA-A27C-A23C999D46F5}.Release|iPhone.ActiveCfg = Release|Any CPU
		{30DE7A22-5B97-47FA-A27C-A23C999D46F5}.Release|iPhone.Build.0 = Release|Any CPU
		{30DE7A22-5B97-47FA-A27C-A23C999D46F5}.Release|iPhone.Deploy.0 = Release|Any CPU
		{30DE7A22-5B97-47FA-A27C-A23C999D46F5}.Release|iPhoneSimulator.ActiveCfg = Release|Any CPU
		{30DE7A22-5B97-47FA-A27C-A23C999D46F5}.Release|iPhoneSimulator.Build.0 = Release|Any CPU
		{30DE7A22-5B97-47FA-A27C-A23C999D46F5}.Release|iPhoneSimulator.Deploy.0 = Release|Any CPU
		{30DE7A22-5B97-47FA-A27C-A23C999D46F5}.Release|x64.ActiveCfg = Release|Any CPU
		{30DE7A22-5B97-47FA-A27C-A23C999D46F5}.Release|x64.Build.0 = Release|Any CPU
		{30DE7A22-5B97-47FA-A27C-A23C999D46F5}.Release|x64.Deploy.0 = Release|Any CPU
		{30DE7A22-5B97-47FA-A27C-A23C999D46F5}.Release|x86.ActiveCfg = Release|Any CPU
		{30DE7A22-5B97-47FA-A27C-A23C999D46F5}.Release|x86.Build.0 = Release|Any CPU
		{30DE7A22-5B97-47FA-A27C-A23C999D46F5}.Release|x86.Deploy.0 = Release|Any CPU
		{085AC842-9531-4416-8A23-3AA79B67E17F}.Ad-Hoc|Any CPU.ActiveCfg = Ad-Hoc|iPhone
		{085AC842-9531-4416-8A23-3AA79B67E17F}.Ad-Hoc|ARM.ActiveCfg = Ad-Hoc|iPhone
		{085AC842-9531-4416-8A23-3AA79B67E17F}.Ad-Hoc|iPhone.ActiveCfg = Ad-Hoc|iPhone
		{085AC842-9531-4416-8A23-3AA79B67E17F}.Ad-Hoc|iPhone.Build.0 = Ad-Hoc|iPhone
		{085AC842-9531-4416-8A23-3AA79B67E17F}.Ad-Hoc|iPhoneSimulator.ActiveCfg = Ad-Hoc|iPhoneSimulator
		{085AC842-9531-4416-8A23-3AA79B67E17F}.Ad-Hoc|iPhoneSimulator.Build.0 = Ad-Hoc|iPhoneSimulator
		{085AC842-9531-4416-8A23-3AA79B67E17F}.Ad-Hoc|x64.ActiveCfg = Ad-Hoc|iPhone
		{085AC842-9531-4416-8A23-3AA79B67E17F}.Ad-Hoc|x86.ActiveCfg = Ad-Hoc|iPhone
		{085AC842-9531-4416-8A23-3AA79B67E17F}.AppStore|Any CPU.ActiveCfg = AppStore|iPhone
		{085AC842-9531-4416-8A23-3AA79B67E17F}.AppStore|ARM.ActiveCfg = AppStore|iPhone
		{085AC842-9531-4416-8A23-3AA79B67E17F}.AppStore|iPhone.ActiveCfg = AppStore|iPhone
		{085AC842-9531-4416-8A23-3AA79B67E17F}.AppStore|iPhone.Build.0 = AppStore|iPhone
		{085AC842-9531-4416-8A23-3AA79B67E17F}.AppStore|iPhoneSimulator.ActiveCfg = AppStore|iPhoneSimulator
		{085AC842-9531-4416-8A23-3AA79B67E17F}.AppStore|iPhoneSimulator.Build.0 = AppStore|iPhoneSimulator
		{085AC842-9531-4416-8A23-3AA79B67E17F}.AppStore|x64.ActiveCfg = AppStore|iPhone
		{085AC842-9531-4416-8A23-3AA79B67E17F}.AppStore|x86.ActiveCfg = AppStore|iPhone
		{085AC842-9531-4416-8A23-3AA79B67E17F}.Debug|Any CPU.ActiveCfg = Debug|iPhone
		{085AC842-9531-4416-8A23-3AA79B67E17F}.Debug|ARM.ActiveCfg = Debug|iPhone
		{085AC842-9531-4416-8A23-3AA79B67E17F}.Debug|iPhone.ActiveCfg = Debug|iPhone
		{085AC842-9531-4416-8A23-3AA79B67E17F}.Debug|iPhone.Build.0 = Debug|iPhone
		{085AC842-9531-4416-8A23-3AA79B67E17F}.Debug|iPhoneSimulator.ActiveCfg = Debug|iPhoneSimulator
		{085AC842-9531-4416-8A23-3AA79B67E17F}.Debug|iPhoneSimulator.Build.0 = Debug|iPhoneSimulator
		{085AC842-9531-4416-8A23-3AA79B67E17F}.Debug|x64.ActiveCfg = Debug|iPhone
		{085AC842-9531-4416-8A23-3AA79B67E17F}.Debug|x86.ActiveCfg = Debug|iPhone
		{085AC842-9531-4416-8A23-3AA79B67E17F}.Release|Any CPU.ActiveCfg = Release|iPhone
		{085AC842-9531-4416-8A23-3AA79B67E17F}.Release|ARM.ActiveCfg = Release|iPhone
		{085AC842-9531-4416-8A23-3AA79B67E17F}.Release|iPhone.ActiveCfg = Release|iPhone
		{085AC842-9531-4416-8A23-3AA79B67E17F}.Release|iPhone.Build.0 = Release|iPhone
		{085AC842-9531-4416-8A23-3AA79B67E17F}.Release|iPhoneSimulator.ActiveCfg = Release|iPhoneSimulator
		{085AC842-9531-4416-8A23-3AA79B67E17F}.Release|iPhoneSimulator.Build.0 = Release|iPhoneSimulator
		{085AC842-9531-4416-8A23-3AA79B67E17F}.Release|x64.ActiveCfg = Release|iPhone
		{085AC842-9531-4416-8A23-3AA79B67E17F}.Release|x86.ActiveCfg = Release|iPhone
	EndGlobalSection
	GlobalSection(SolutionProperties) = preSolution
		HideSolutionNode = FALSE
	EndGlobalSection
EndGlobal
